{
  "requires": true,
  "lockfileVersion": 1,
  "dependencies": {
    "abab": {
      "version": "2.0.3",
      "resolved": "https://registry.npmjs.org/abab/-/abab-2.0.3.tgz",
      "integrity": "sha512-tsFzPpcttalNjFBCFMqsKYQcWxxen1pgJR56by//QwvJc4/OUS3kPOOttx2tSIfjsylB0pYu7f5D3K1RCxUnUg=="
    },
    "threejs-miniprogram": {
      "version": "0.0.5",
      "resolved": "https://registry.npmjs.org/threejs-miniprogram/-/threejs-miniprogram-0.0.5.tgz",
      "integrity": "sha512-u5m7QkfRCEzzKIi02jNKsk5Da/r8myfVCfJSiGmE40oZnJiNqb7Oi/2+tlaK/gbrBnVTtvKmfU5WevEcJA2UGw==",
      "requires": {
        "abab": "^2.0.3"
      }
    }
  }
}
